
Microsoft Visual Studio Solution File, Format Version 12.00
# Visual Studio Version 16
VisualStudioVersion = 16.0.31613.86
MinimumVisualStudioVersion = 10.0.40219.1
Project("{D4B43EB3-688B-4EEE-86BD-088F0B28ABB3}") = "Extend Logical Disk", "Extend Logical Disk.mpproj", "{02A4FF5D-035E-48ED-88B6-2DD28D1E379D}"
EndProject
Global
	GlobalSection(SolutionConfigurationPlatforms) = preSolution
		Debug|x86 = Debug|x86
		Release|x86 = Release|x86
	EndGlobalSection
	GlobalSection(ProjectConfigurationPlatforms) = postSolution
		{02A4FF5D-035E-48ED-88B6-2DD28D1E379D}.Debug|x86.ActiveCfg = Debug|x86
		{02A4FF5D-035E-48ED-88B6-2DD28D1E379D}.Debug|x86.Build.0 = Debug|x86
		{02A4FF5D-035E-48ED-88B6-2DD28D1E379D}.Release|x86.ActiveCfg = Release|x86
		{02A4FF5D-035E-48ED-88B6-2DD28D1E379D}.Release|x86.Build.0 = Release|x86
	EndGlobalSection
	GlobalSection(SolutionProperties) = preSolution
		HideSolutionNode = FALSE
	EndGlobalSection
	GlobalSection(ExtensibilityGlobals) = postSolution
		SolutionGuid = {A2CD82E8-8019-49B9-866E-124D16A5EBE5}
	EndGlobalSection
EndGlobal
