
Microsoft Visual Studio Solution File, Format Version 12.00
# Visual Studio Version 16
VisualStudioVersion = 16.0.32602.291
MinimumVisualStudioVersion = 10.0.40219.1
Project("{D4B43EB3-688B-4EEE-86BD-088F0B28ABB3}") = "Azure.Sql.Metric.Collection", "Azure.Sql.Metric.Collection.mpproj", "{B7EB8FB6-7CFC-4F9A-8601-43ECE0825865}"
EndProject
Global
	GlobalSection(SolutionConfigurationPlatforms) = preSolution
		Debug|x86 = Debug|x86
		Release|x86 = Release|x86
	EndGlobalSection
	GlobalSection(ProjectConfigurationPlatforms) = postSolution
		{B7EB8FB6-7CFC-4F9A-8601-43ECE0825865}.Debug|x86.ActiveCfg = Debug|x86
		{B7EB8FB6-7CFC-4F9A-8601-43ECE0825865}.Debug|x86.Build.0 = Debug|x86
		{B7EB8FB6-7CFC-4F9A-8601-43ECE0825865}.Release|x86.ActiveCfg = Release|x86
		{B7EB8FB6-7CFC-4F9A-8601-43ECE0825865}.Release|x86.Build.0 = Release|x86
	EndGlobalSection
	GlobalSection(SolutionProperties) = preSolution
		HideSolutionNode = FALSE
	EndGlobalSection
	GlobalSection(ExtensibilityGlobals) = postSolution
		SolutionGuid = {BA3DFC07-E45F-4EF8-BAE1-9D56CF16D07F}
	EndGlobalSection
EndGlobal
